// !$*UTF8*$!
{
	archiveVersion = 1;
	classes = {
	};
	objectVersion = 48;
	objects = {

/* Begin PBXBuildFile section */
		58406DBF20A6D63C00CE808E /* AppDelegate.swift in Sources */ = {isa = PBXBuildFile; fileRef = 58406DBE20A6D63C00CE808E /* AppDelegate.swift */; };
		58406DC120A6D63C00CE808E /* ViewController.swift in Sources */ = {isa = PBXBuildFile; fileRef = 58406DC020A6D63C00CE808E /* ViewController.swift */; };
		58406DC420A6D63C00CE808E /* Main.storyboard in Resources */ = {isa = PBXBuildFile; fileRef = 58406DC220A6D63C00CE808E /* Main.storyboard */; };
		58406DC620A6D63C00CE808E /* Assets.xcassets in Resources */ = {isa = PBXBuildFile; fileRef = 58406DC520A6D63C00CE808E /* Assets.xcassets */; };
		58406DC920A6D63C00CE808E /* LaunchScreen.storyboard in Resources */ = {isa = PBXBuildFile; fileRef = 58406DC720A6D63C00CE808E /* LaunchScreen.storyboard */; };
		58406DD420A6D63C00CE808E /* ______Tests.swift in Sources */ = {isa = PBXBuildFile; fileRef = 58406DD320A6D63C00CE808E /* ______Tests.swift */; };
		58406DDF20A6D63C00CE808E /* ______UITests.swift in Sources */ = {isa = PBXBuildFile; fileRef = 58406DDE20A6D63C00CE808E /* ______UITests.swift */; };
		58406DED20A6DE9D00CE808E /* TableViewCell.swift in Sources */ = {isa = PBXBuildFile; fileRef = 58406DEC20A6DE9D00CE808E /* TableViewCell.swift */; };
		5841D04320CBAE8F00E2D906 /* アンダーバー.png in Resources */ = {isa = PBXBuildFile; fileRef = 5841D04220CBAE8F00E2D906 /* アンダーバー.png */; };
		5863738720B938D00042AAA9 /* PlayViewController.swift in Sources */ = {isa = PBXBuildFile; fileRef = 5863738620B938D00042AAA9 /* PlayViewController.swift */; };
		5882C22D20F09721004D71DB /* scoreViewController.swift in Sources */ = {isa = PBXBuildFile; fileRef = 5882C22C20F09721004D71DB /* scoreViewController.swift */; };
		D044FFFE214D1FAB004DF623 /* スコア.png in Resources */ = {isa = PBXBuildFile; fileRef = D044FFFD214D1FAB004DF623 /* スコア.png */; };
		D05C830221C4F17000BF7647 /* Pods_本当の最後の.framework in Frameworks */ = {isa = PBXBuildFile; fileRef = D05C830121C4F17000BF7647 /* Pods_本当の最後の.framework */; };
		D05C830321C4F27000BF7647 /* GoogleService-Info.plist in Resources */ = {isa = PBXBuildFile; fileRef = D06A254421C4EA6300861356 /* GoogleService-Info.plist */; };
		D06A254121C4E50800861356 /* onpu.png in Resources */ = {isa = PBXBuildFile; fileRef = D06A254021C4E50800861356 /* onpu.png */; };
		D0CDACE821A005BC005F4AE4 /* hatesinai.mp3 in Resources */ = {isa = PBXBuildFile; fileRef = D0CDACE721A005BC005F4AE4 /* hatesinai.mp3 */; };
/* End PBXBuildFile section */

/* Begin PBXContainerItemProxy section */
		58406DD020A6D63C00CE808E /* PBXContainerItemProxy */ = {
			isa = PBXContainerItemProxy;
			containerPortal = 58406DB320A6D63C00CE808E /* Project object */;
			proxyType = 1;
			remoteGlobalIDString = 58406DBA20A6D63C00CE808E;
			remoteInfo = "本当の最後の";
		};
		58406DDB20A6D63C00CE808E /* PBXContainerItemProxy */ = {
			isa = PBXContainerItemProxy;
			containerPortal = 58406DB320A6D63C00CE808E /* Project object */;
			proxyType = 1;
			remoteGlobalIDString = 58406DBA20A6D63C00CE808E;
			remoteInfo = "本当の最後の";
		};
/* End PBXContainerItemProxy section */

/* Begin PBXFileReference section */
		416DB92482D2619A71CC94F3 /* Pods_______UITests.framework */ = {isa = PBXFileReference; explicitFileType = wrapper.framework; includeInIndex = 0; path = "Pods_______UITests.framework"; sourceTree = BUILT_PRODUCTS_DIR; };
		493ADA9286D42B9F020DC03B /* Pods-本当の最後の.debug.xcconfig */ = {isa = PBXFileReference; includeInIndex = 1; lastKnownFileType = text.xcconfig; name = "Pods-本当の最後の.debug.xcconfig"; path = "Pods/Target Support Files/Pods-本当の最後の/Pods-本当の最後の.debug.xcconfig"; sourceTree = "<group>"; };
		58406DBB20A6D63C00CE808E /* 本当の最後の.app */ = {isa = PBXFileReference; explicitFileType = wrapper.application; includeInIndex = 0; path = "本当の最後の.app"; sourceTree = BUILT_PRODUCTS_DIR; };
		58406DBE20A6D63C00CE808E /* AppDelegate.swift */ = {isa = PBXFileReference; lastKnownFileType = sourcecode.swift; path = AppDelegate.swift; sourceTree = "<group>"; };
		58406DC020A6D63C00CE808E /* ViewController.swift */ = {isa = PBXFileReference; lastKnownFileType = sourcecode.swift; path = ViewController.swift; sourceTree = "<group>"; };
		58406DC320A6D63C00CE808E /* Base */ = {isa = PBXFileReference; lastKnownFileType = file.storyboard; name = Base; path = Base.lproj/Main.storyboard; sourceTree = "<group>"; };
		58406DC520A6D63C00CE808E /* Assets.xcassets */ = {isa = PBXFileReference; lastKnownFileType = folder.assetcatalog; path = Assets.xcassets; sourceTree = "<group>"; };
		58406DC820A6D63C00CE808E /* Base */ = {isa = PBXFileReference; lastKnownFileType = file.storyboard; name = Base; path = Base.lproj/LaunchScreen.storyboard; sourceTree = "<group>"; };
		58406DCA20A6D63C00CE808E /* Info.plist */ = {isa = PBXFileReference; lastKnownFileType = text.plist.xml; path = Info.plist; sourceTree = "<group>"; };
		58406DCF20A6D63C00CE808E /* 本当の最後のTests.xctest */ = {isa = PBXFileReference; explicitFileType = wrapper.cfbundle; includeInIndex = 0; path = "本当の最後のTests.xctest"; sourceTree = BUILT_PRODUCTS_DIR; };
		58406DD320A6D63C00CE808E /* ______Tests.swift */ = {isa = PBXFileReference; lastKnownFileType = sourcecode.swift; path = "______Tests.swift"; sourceTree = "<group>"; };
		58406DD520A6D63C00CE808E /* Info.plist */ = {isa = PBXFileReference; lastKnownFileType = text.plist.xml; path = Info.plist; sourceTree = "<group>"; };
		58406DDA20A6D63C00CE808E /* 本当の最後のUITests.xctest */ = {isa = PBXFileReference; explicitFileType = wrapper.cfbundle; includeInIndex = 0; path = "本当の最後のUITests.xctest"; sourceTree = BUILT_PRODUCTS_DIR; };
		58406DDE20A6D63C00CE808E /* ______UITests.swift */ = {isa = PBXFileReference; lastKnownFileType = sourcecode.swift; path = "______UITests.swift"; sourceTree = "<group>"; };
		58406DE020A6D63C00CE808E /* Info.plist */ = {isa = PBXFileReference; lastKnownFileType = text.plist.xml; path = Info.plist; sourceTree = "<group>"; };
		58406DEC20A6DE9D00CE808E /* TableViewCell.swift */ = {isa = PBXFileReference; lastKnownFileType = sourcecode.swift; path = TableViewCell.swift; sourceTree = "<group>"; };
		5841D04220CBAE8F00E2D906 /* アンダーバー.png */ = {isa = PBXFileReference; lastKnownFileType = image.png; path = "アンダーバー.png"; sourceTree = "<group>"; };
		5863738620B938D00042AAA9 /* PlayViewController.swift */ = {isa = PBXFileReference; lastKnownFileType = sourcecode.swift; path = PlayViewController.swift; sourceTree = "<group>"; };
		5882C22C20F09721004D71DB /* scoreViewController.swift */ = {isa = PBXFileReference; lastKnownFileType = sourcecode.swift; path = scoreViewController.swift; sourceTree = "<group>"; };
		611D3959D6E1FA4F02B0C3E0 /* Pods_______.framework */ = {isa = PBXFileReference; explicitFileType = wrapper.framework; includeInIndex = 0; path = "Pods_______.framework"; sourceTree = BUILT_PRODUCTS_DIR; };
		8D2067E1E715049DB8313F44 /* Pods-本当の最後の.release.xcconfig */ = {isa = PBXFileReference; includeInIndex = 1; lastKnownFileType = text.xcconfig; name = "Pods-本当の最後の.release.xcconfig"; path = "Pods/Target Support Files/Pods-本当の最後の/Pods-本当の最後の.release.xcconfig"; sourceTree = "<group>"; };
		9E34870AB0D65DE3979CA2EC /* Pods_______Tests.framework */ = {isa = PBXFileReference; explicitFileType = wrapper.framework; includeInIndex = 0; path = "Pods_______Tests.framework"; sourceTree = BUILT_PRODUCTS_DIR; };
		D044FFFD214D1FAB004DF623 /* スコア.png */ = {isa = PBXFileReference; lastKnownFileType = image.png; name = "スコア.png"; path = "../../../Documents/スコア.png"; sourceTree = "<group>"; };
		D05C830121C4F17000BF7647 /* Pods_本当の最後の.framework */ = {isa = PBXFileReference; explicitFileType = wrapper.framework; path = "Pods_本当の最後の.framework"; sourceTree = BUILT_PRODUCTS_DIR; };
		D06A254021C4E50800861356 /* onpu.png */ = {isa = PBXFileReference; lastKnownFileType = image.png; name = onpu.png; path = "../../制作画像/onpu.png"; sourceTree = "<group>"; };
		D06A254421C4EA6300861356 /* GoogleService-Info.plist */ = {isa = PBXFileReference; lastKnownFileType = text.plist.xml; path = "GoogleService-Info.plist"; sourceTree = "<group>"; };
		D0CDACE721A005BC005F4AE4 /* hatesinai.mp3 */ = {isa = PBXFileReference; lastKnownFileType = audio.mp3; name = hatesinai.mp3; path = ../../../Downloads/hatesinai.mp3; sourceTree = "<group>"; };
/* End PBXFileReference section */

/* Begin PBXFrameworksBuildPhase section */
		58406DB820A6D63C00CE808E /* Frameworks */ = {
			isa = PBXFrameworksBuildPhase;
			buildActionMask = 2147483647;
			files = (
				D05C830221C4F17000BF7647 /* Pods_本当の最後の.framework in Frameworks */,
			);
			runOnlyForDeploymentPostprocessing = 0;
		};
		58406DCC20A6D63C00CE808E /* Frameworks */ = {
			isa = PBXFrameworksBuildPhase;
			buildActionMask = 2147483647;
			files = (
			);
			runOnlyForDeploymentPostprocessing = 0;
		};
		58406DD720A6D63C00CE808E /* Frameworks */ = {
			isa = PBXFrameworksBuildPhase;
			buildActionMask = 2147483647;
			files = (
			);
			runOnlyForDeploymentPostprocessing = 0;
		};
/* End PBXFrameworksBuildPhase section */

/* Begin PBXGroup section */
		380B6C4004D9912CCD4B979C /* Pods */ = {
			isa = PBXGroup;
			children = (
				493ADA9286D42B9F020DC03B /* Pods-本当の最後の.debug.xcconfig */,
				8D2067E1E715049DB8313F44 /* Pods-本当の最後の.release.xcconfig */,
			);
			name = Pods;
			sourceTree = "<group>";
		};
		58406DB220A6D63C00CE808E = {
			isa = PBXGroup;
			children = (
				58406DBD20A6D63C00CE808E /* 本当の最後の */,
				58406DD220A6D63C00CE808E /* 本当の最後のTests */,
				58406DDD20A6D63C00CE808E /* 本当の最後のUITests */,
				58406DBC20A6D63C00CE808E /* Products */,
				380B6C4004D9912CCD4B979C /* Pods */,
				AADDC8630210377CDA48DCFB /* Frameworks */,
			);
			sourceTree = "<group>";
		};
		58406DBC20A6D63C00CE808E /* Products */ = {
			isa = PBXGroup;
			children = (
				58406DBB20A6D63C00CE808E /* 本当の最後の.app */,
				58406DCF20A6D63C00CE808E /* 本当の最後のTests.xctest */,
				58406DDA20A6D63C00CE808E /* 本当の最後のUITests.xctest */,
			);
			name = Products;
			sourceTree = "<group>";
		};
		58406DBD20A6D63C00CE808E /* 本当の最後の */ = {
			isa = PBXGroup;
			children = (
				D0CDACE721A005BC005F4AE4 /* hatesinai.mp3 */,
				D044FFFD214D1FAB004DF623 /* スコア.png */,
				D06A254021C4E50800861356 /* onpu.png */,
				5841D04220CBAE8F00E2D906 /* アンダーバー.png */,
				58406DBE20A6D63C00CE808E /* AppDelegate.swift */,
				58406DC020A6D63C00CE808E /* ViewController.swift */,
				5882C22C20F09721004D71DB /* scoreViewController.swift */,
				5863738620B938D00042AAA9 /* PlayViewController.swift */,
				58406DC220A6D63C00CE808E /* Main.storyboard */,
				58406DEC20A6DE9D00CE808E /* TableViewCell.swift */,
				58406DC520A6D63C00CE808E /* Assets.xcassets */,
				58406DC720A6D63C00CE808E /* LaunchScreen.storyboard */,
				58406DCA20A6D63C00CE808E /* Info.plist */,
				D06A254421C4EA6300861356 /* GoogleService-Info.plist */,
			);
			path = "本当の最後の";
			sourceTree = "<group>";
		};
		58406DD220A6D63C00CE808E /* 本当の最後のTests */ = {
			isa = PBXGroup;
			children = (
				58406DD320A6D63C00CE808E /* ______Tests.swift */,
				58406DD520A6D63C00CE808E /* Info.plist */,
			);
			path = "本当の最後のTests";
			sourceTree = "<group>";
		};
		58406DDD20A6D63C00CE808E /* 本当の最後のUITests */ = {
			isa = PBXGroup;
			children = (
				58406DDE20A6D63C00CE808E /* ______UITests.swift */,
				58406DE020A6D63C00CE808E /* Info.plist */,
			);
			path = "本当の最後のUITests";
			sourceTree = "<group>";
		};
		AADDC8630210377CDA48DCFB /* Frameworks */ = {
			isa = PBXGroup;
			children = (
				D05C830121C4F17000BF7647 /* Pods_本当の最後の.framework */,
				611D3959D6E1FA4F02B0C3E0 /* Pods_______.framework */,
				9E34870AB0D65DE3979CA2EC /* Pods_______Tests.framework */,
				416DB92482D2619A71CC94F3 /* Pods_______UITests.framework */,
			);
			name = Frameworks;
			sourceTree = "<group>";
		};
/* End PBXGroup section */

/* Begin PBXNativeTarget section */
		58406DBA20A6D63C00CE808E /* 本当の最後の */ = {
			isa = PBXNativeTarget;
			buildConfigurationList = 58406DE320A6D63C00CE808E /* Build configuration list for PBXNativeTarget "本当の最後の" */;
			buildPhases = (
				4147DDEF4151064B15D2F5AE /* [CP] Check Pods Manifest.lock */,
				58406DB720A6D63C00CE808E /* Sources */,
				58406DB820A6D63C00CE808E /* Frameworks */,
				58406DB920A6D63C00CE808E /* Resources */,
				111C28CC29CDC305D71D6713 /* [CP] Embed Pods Frameworks */,
			);
			buildRules = (
			);
			dependencies = (
			);
			name = "本当の最後の";
			productName = "本当の最後の";
			productReference = 58406DBB20A6D63C00CE808E /* 本当の最後の.app */;
			productType = "com.apple.product-type.application";
		};
		58406DCE20A6D63C00CE808E /* 本当の最後のTests */ = {
			isa = PBXNativeTarget;
			buildConfigurationList = 58406DE620A6D63C00CE808E /* Build configuration list for PBXNativeTarget "本当の最後のTests" */;
			buildPhases = (
				58406DCB20A6D63C00CE808E /* Sources */,
				58406DCC20A6D63C00CE808E /* Frameworks */,
				58406DCD20A6D63C00CE808E /* Resources */,
			);
			buildRules = (
			);
			dependencies = (
				58406DD120A6D63C00CE808E /* PBXTargetDependency */,
			);
			name = "本当の最後のTests";
			productName = "本当の最後のTests";
			productReference = 58406DCF20A6D63C00CE808E /* 本当の最後のTests.xctest */;
			productType = "com.apple.product-type.bundle.unit-test";
		};
		58406DD920A6D63C00CE808E /* 本当の最後のUITests */ = {
			isa = PBXNativeTarget;
			buildConfigurationList = 58406DE920A6D63C00CE808E /* Build configuration list for PBXNativeTarget "本当の最後のUITests" */;
			buildPhases = (
				58406DD620A6D63C00CE808E /* Sources */,
				58406DD720A6D63C00CE808E /* Frameworks */,
				58406DD820A6D63C00CE808E /* Resources */,
			);
			buildRules = (
			);
			dependencies = (
				58406DDC20A6D63C00CE808E /* PBXTargetDependency */,
			);
			name = "本当の最後のUITests";
			productName = "本当の最後のUITests";
			productReference = 58406DDA20A6D63C00CE808E /* 本当の最後のUITests.xctest */;
			productType = "com.apple.product-type.bundle.ui-testing";
		};
/* End PBXNativeTarget section */

/* Begin PBXProject section */
		58406DB320A6D63C00CE808E /* Project object */ = {
			isa = PBXProject;
			attributes = {
				LastSwiftUpdateCheck = 0920;
				LastUpgradeCheck = 0920;
				ORGANIZATIONNAME = EriyaMurakami;
				TargetAttributes = {
					58406DBA20A6D63C00CE808E = {
						CreatedOnToolsVersion = 9.2;
						ProvisioningStyle = Automatic;
					};
					58406DCE20A6D63C00CE808E = {
						CreatedOnToolsVersion = 9.2;
						ProvisioningStyle = Automatic;
						TestTargetID = 58406DBA20A6D63C00CE808E;
					};
					58406DD920A6D63C00CE808E = {
						CreatedOnToolsVersion = 9.2;
						ProvisioningStyle = Automatic;
						TestTargetID = 58406DBA20A6D63C00CE808E;
					};
				};
			};
			buildConfigurationList = 58406DB620A6D63C00CE808E /* Build configuration list for PBXProject "本当の最後の" */;
			compatibilityVersion = "Xcode 8.0";
			developmentRegion = en;
			hasScannedForEncodings = 0;
			knownRegions = (
				en,
				Base,
			);
			mainGroup = 58406DB220A6D63C00CE808E;
			productRefGroup = 58406DBC20A6D63C00CE808E /* Products */;
			projectDirPath = "";
			projectRoot = "";
			targets = (
				58406DBA20A6D63C00CE808E /* 本当の最後の */,
				58406DCE20A6D63C00CE808E /* 本当の最後のTests */,
				58406DD920A6D63C00CE808E /* 本当の最後のUITests */,
			);
		};
/* End PBXProject section */

/* Begin PBXResourcesBuildPhase section */
		58406DB920A6D63C00CE808E /* Resources */ = {
			isa = PBXResourcesBuildPhase;
			buildActionMask = 2147483647;
			files = (
				5841D04320CBAE8F00E2D906 /* アンダーバー.png in Resources */,
				D05C830321C4F27000BF7647 /* GoogleService-Info.plist in Resources */,
				D044FFFE214D1FAB004DF623 /* スコア.png in Resources */,
				58406DC920A6D63C00CE808E /* LaunchScreen.storyboard in Resources */,
				D0CDACE821A005BC005F4AE4 /* hatesinai.mp3 in Resources */,
				58406DC620A6D63C00CE808E /* Assets.xcassets in Resources */,
				D06A254121C4E50800861356 /* onpu.png in Resources */,
				58406DC420A6D63C00CE808E /* Main.storyboard in Resources */,
			);
			runOnlyForDeploymentPostprocessing = 0;
		};
		58406DCD20A6D63C00CE808E /* Resources */ = {
			isa = PBXResourcesBuildPhase;
			buildActionMask = 2147483647;
			files = (
			);
			runOnlyForDeploymentPostprocessing = 0;
		};
		58406DD820A6D63C00CE808E /* Resources */ = {
			isa = PBXResourcesBuildPhase;
			buildActionMask = 2147483647;
			files = (
			);
			runOnlyForDeploymentPostprocessing = 0;
		};
/* End PBXResourcesBuildPhase section */

/* Begin PBXShellScriptBuildPhase section */
		111C28CC29CDC305D71D6713 /* [CP] Embed Pods Frameworks */ = {
			isa = PBXShellScriptBuildPhase;
			buildActionMask = 2147483647;
			files = (
			);
			inputFileListPaths = (
			);
			inputPaths = (
				"${SRCROOT}/Pods/Target Support Files/Pods-本当の最後の/Pods-本当の最後の-frameworks.sh",
				"${BUILT_PRODUCTS_DIR}/GoogleUtilities/GoogleUtilities.framework",
				"${BUILT_PRODUCTS_DIR}/leveldb-library/leveldb.framework",
				"${BUILT_PRODUCTS_DIR}/nanopb/nanopb.framework",
			);
			name = "[CP] Embed Pods Frameworks";
			outputFileListPaths = (
			);
			outputPaths = (
				"${TARGET_BUILD_DIR}/${FRAMEWORKS_FOLDER_PATH}/GoogleUtilities.framework",
				"${TARGET_BUILD_DIR}/${FRAMEWORKS_FOLDER_PATH}/leveldb.framework",
				"${TARGET_BUILD_DIR}/${FRAMEWORKS_FOLDER_PATH}/nanopb.framework",
			);
			runOnlyForDeploymentPostprocessing = 0;
			shellPath = /bin/sh;
			shellScript = "\"${SRCROOT}/Pods/Target Support Files/Pods-本当の最後の/Pods-本当の最後の-frameworks.sh\"\n";
			showEnvVarsInLog = 0;
		};
		4147DDEF4151064B15D2F5AE /* [CP] Check Pods Manifest.lock */ = {
			isa = PBXShellScriptBuildPhase;
			buildActionMask = 2147483647;
			files = (
			);
			inputFileListPaths = (
			);
			inputPaths = (
				"${PODS_PODFILE_DIR_PATH}/Podfile.lock",
				"${PODS_ROOT}/Manifest.lock",
			);
			name = "[CP] Check Pods Manifest.lock";
			outputFileListPaths = (
			);
			outputPaths = (
				"$(DERIVED_FILE_DIR)/Pods-本当の最後の-checkManifestLockResult.txt",
			);
			runOnlyForDeploymentPostprocessing = 0;
			shellPath = /bin/sh;
			shellScript = "diff \"${PODS_PODFILE_DIR_PATH}/Podfile.lock\" \"${PODS_ROOT}/Manifest.lock\" > /dev/null\nif [ $? != 0 ] ; then\n    # print error to STDERR\n    echo \"error: The sandbox is not in sync with the Podfile.lock. Run 'pod install' or update your CocoaPods installation.\" >&2\n    exit 1\nfi\n# This output is used by Xcode 'outputs' to avoid re-running this script phase.\necho \"SUCCESS\" > \"${SCRIPT_OUTPUT_FILE_0}\"\n";
			showEnvVarsInLog = 0;
		};
/* End PBXShellScriptBuildPhase section */

/* Begin PBXSourcesBuildPhase section */
		58406DB720A6D63C00CE808E /* Sources */ = {
			isa = PBXSourcesBuildPhase;
			buildActionMask = 2147483647;
			files = (
				5863738720B938D00042AAA9 /* PlayViewController.swift in Sources */,
				58406DED20A6DE9D00CE808E /* TableViewCell.swift in Sources */,
				58406DC120A6D63C00CE808E /* ViewController.swift in Sources */,
				5882C22D20F09721004D71DB /* scoreViewController.swift in Sources */,
				58406DBF20A6D63C00CE808E /* AppDelegate.swift in Sources */,
			);
			runOnlyForDeploymentPostprocessing = 0;
		};
		58406DCB20A6D63C00CE808E /* Sources */ = {
			isa = PBXSourcesBuildPhase;
			buildActionMask = 2147483647;
			files = (
				58406DD420A6D63C00CE808E /* ______Tests.swift in Sources */,
			);
			runOnlyForDeploymentPostprocessing = 0;
		};
		58406DD620A6D63C00CE808E /* Sources */ = {
			isa = PBXSourcesBuildPhase;
			buildActionMask = 2147483647;
			files = (
				58406DDF20A6D63C00CE808E /* ______UITests.swift in Sources */,
			);
			runOnlyForDeploymentPostprocessing = 0;
		};
/* End PBXSourcesBuildPhase section */

/* Begin PBXTargetDependency section */
		58406DD120A6D63C00CE808E /* PBXTargetDependency */ = {
			isa = PBXTargetDependency;
			target = 58406DBA20A6D63C00CE808E /* 本当の最後の */;
			targetProxy = 58406DD020A6D63C00CE808E /* PBXContainerItemProxy */;
		};
		58406DDC20A6D63C00CE808E /* PBXTargetDependency */ = {
			isa = PBXTargetDependency;
			target = 58406DBA20A6D63C00CE808E /* 本当の最後の */;
			targetProxy = 58406DDB20A6D63C00CE808E /* PBXContainerItemProxy */;
		};
/* End PBXTargetDependency section */

/* Begin PBXVariantGroup section */
		58406DC220A6D63C00CE808E /* Main.storyboard */ = {
			isa = PBXVariantGroup;
			children = (
				58406DC320A6D63C00CE808E /* Base */,
			);
			name = Main.storyboard;
			sourceTree = "<group>";
		};
		58406DC720A6D63C00CE808E /* LaunchScreen.storyboard */ = {
			isa = PBXVariantGroup;
			children = (
				58406DC820A6D63C00CE808E /* Base */,
			);
			name = LaunchScreen.storyboard;
			sourceTree = "<group>";
		};
/* End PBXVariantGroup section */

/* Begin XCBuildConfiguration section */
		58406DE120A6D63C00CE808E /* Debug */ = {
			isa = XCBuildConfiguration;
			buildSettings = {
				ALWAYS_SEARCH_USER_PATHS = NO;
				CLANG_ANALYZER_NONNULL = YES;
				CLANG_ANALYZER_NUMBER_OBJECT_CONVERSION = YES_AGGRESSIVE;
				CLANG_CXX_LANGUAGE_STANDARD = "gnu++14";
				CLANG_CXX_LIBRARY = "libc++";
				CLANG_ENABLE_MODULES = YES;
				CLANG_ENABLE_OBJC_ARC = YES;
				CLANG_WARN_BLOCK_CAPTURE_AUTORELEASING = YES;
				CLANG_WARN_BOOL_CONVERSION = YES;
				CLANG_WARN_COMMA = YES;
				CLANG_WARN_CONSTANT_CONVERSION = YES;
				CLANG_WARN_DIRECT_OBJC_ISA_USAGE = YES_ERROR;
				CLANG_WARN_DOCUMENTATION_COMMENTS = YES;
				CLANG_WARN_EMPTY_BODY = YES;
				CLANG_WARN_ENUM_CONVERSION = YES;
				CLANG_WARN_INFINITE_RECURSION = YES;
				CLANG_WARN_INT_CONVERSION = YES;
				CLANG_WARN_NON_LITERAL_NULL_CONVERSION = YES;
				CLANG_WARN_OBJC_LITERAL_CONVERSION = YES;
				CLANG_WARN_OBJC_ROOT_CLASS = YES_ERROR;
				CLANG_WARN_RANGE_LOOP_ANALYSIS = YES;
				CLANG_WARN_STRICT_PROTOTYPES = YES;
				CLANG_WARN_SUSPICIOUS_MOVE = YES;
				CLANG_WARN_UNGUARDED_AVAILABILITY = YES_AGGRESSIVE;
				CLANG_WARN_UNREACHABLE_CODE = YES;
				CLANG_WARN__DUPLICATE_METHOD_MATCH = YES;
				CODE_SIGN_IDENTITY = "iPhone Developer";
				COPY_PHASE_STRIP = NO;
				DEBUG_INFORMATION_FORMAT = dwarf;
				ENABLE_BITCODE = YES;
				ENABLE_STRICT_OBJC_MSGSEND = YES;
				ENABLE_TESTABILITY = YES;
				GCC_C_LANGUAGE_STANDARD = gnu11;
				GCC_DYNAMIC_NO_PIC = NO;
				GCC_NO_COMMON_BLOCKS = YES;
				GCC_OPTIMIZATION_LEVEL = 0;
				GCC_PREPROCESSOR_DEFINITIONS = (
					"DEBUG=1",
					"$(inherited)",
				);
				GCC_WARN_64_TO_32_BIT_CONVERSION = YES;
				GCC_WARN_ABOUT_RETURN_TYPE = YES_ERROR;
				GCC_WARN_UNDECLARED_SELECTOR = YES;
				GCC_WARN_UNINITIALIZED_AUTOS = YES_AGGRESSIVE;
				GCC_WARN_UNUSED_FUNCTION = YES;
				GCC_WARN_UNUSED_VARIABLE = YES;
				IPHONEOS_DEPLOYMENT_TARGET = 11.2;
				MTL_ENABLE_DEBUG_INFO = YES;
				ONLY_ACTIVE_ARCH = NO;
				SDKROOT = iphoneos;
				SWIFT_ACTIVE_COMPILATION_CONDITIONS = DEBUG;
				SWIFT_OPTIMIZATION_LEVEL = "-Onone";
			};
			name = Debug;
		};
		58406DE220A6D63C00CE808E /* Release */ = {
			isa = XCBuildConfiguration;
			buildSettings = {
				ALWAYS_SEARCH_USER_PATHS = NO;
				CLANG_ANALYZER_NONNULL = YES;
				CLANG_ANALYZER_NUMBER_OBJECT_CONVERSION = YES_AGGRESSIVE;
				CLANG_CXX_LANGUAGE_STANDARD = "gnu++14";
				CLANG_CXX_LIBRARY = "libc++";
				CLANG_ENABLE_MODULES = YES;
				CLANG_ENABLE_OBJC_ARC = YES;
				CLANG_WARN_BLOCK_CAPTURE_AUTORELEASING = YES;
				CLANG_WARN_BOOL_CONVERSION = YES;
				CLANG_WARN_COMMA = YES;
				CLANG_WARN_CONSTANT_CONVERSION = YES;
				CLANG_WARN_DIRECT_OBJC_ISA_USAGE = YES_ERROR;
				CLANG_WARN_DOCUMENTATION_COMMENTS = YES;
				CLANG_WARN_EMPTY_BODY = YES;
				CLANG_WARN_ENUM_CONVERSION = YES;
				CLANG_WARN_INFINITE_RECURSION = YES;
				CLANG_WARN_INT_CONVERSION = YES;
				CLANG_WARN_NON_LITERAL_NULL_CONVERSION = YES;
				CLANG_WARN_OBJC_LITERAL_CONVERSION = YES;
				CLANG_WARN_OBJC_ROOT_CLASS = YES_ERROR;
				CLANG_WARN_RANGE_LOOP_ANALYSIS = YES;
				CLANG_WARN_STRICT_PROTOTYPES = YES;
				CLANG_WARN_SUSPICIOUS_MOVE = YES;
				CLANG_WARN_UNGUARDED_AVAILABILITY = YES_AGGRESSIVE;
				CLANG_WARN_UNREACHABLE_CODE = YES;
				CLANG_WARN__DUPLICATE_METHOD_MATCH = YES;
				CODE_SIGN_IDENTITY = "iPhone Developer";
				COPY_PHASE_STRIP = NO;
				DEBUG_INFORMATION_FORMAT = "dwarf-with-dsym";
				ENABLE_BITCODE = YES;
				ENABLE_NS_ASSERTIONS = NO;
				ENABLE_STRICT_OBJC_MSGSEND = YES;
				GCC_C_LANGUAGE_STANDARD = gnu11;
				GCC_NO_COMMON_BLOCKS = YES;
				GCC_WARN_64_TO_32_BIT_CONVERSION = YES;
				GCC_WARN_ABOUT_RETURN_TYPE = YES_ERROR;
				GCC_WARN_UNDECLARED_SELECTOR = YES;
				GCC_WARN_UNINITIALIZED_AUTOS = YES_AGGRESSIVE;
				GCC_WARN_UNUSED_FUNCTION = YES;
				GCC_WARN_UNUSED_VARIABLE = YES;
				IPHONEOS_DEPLOYMENT_TARGET = 11.2;
				MTL_ENABLE_DEBUG_INFO = NO;
				ONLY_ACTIVE_ARCH = NO;
				SDKROOT = iphoneos;
				SWIFT_OPTIMIZATION_LEVEL = "-Owholemodule";
				VALIDATE_PRODUCT = YES;
			};
			name = Release;
		};
		58406DE420A6D63C00CE808E /* Debug */ = {
			isa = XCBuildConfiguration;
			baseConfigurationReference = 493ADA9286D42B9F020DC03B /* Pods-本当の最後の.debug.xcconfig */;
			buildSettings = {
				ASSETCATALOG_COMPILER_APPICON_NAME = AppIcon;
				CODE_SIGN_IDENTITY = "iPhone Developer";
				CODE_SIGN_STYLE = Automatic;
				DEVELOPMENT_TEAM = 47PEFMCKTT;
				INFOPLIST_FILE = "本当の最後の/Info.plist";
				LD_RUNPATH_SEARCH_PATHS = "$(inherited) @executable_path/Frameworks";
				ONLY_ACTIVE_ARCH = NO;
				PRODUCT_BUNDLE_IDENTIFIER = "-018-9-15";
				PRODUCT_NAME = "$(TARGET_NAME)";
				PROVISIONING_PROFILE_SPECIFIER = "";
				SWIFT_VERSION = 4.0;
				TARGETED_DEVICE_FAMILY = "1,2";
			};
			name = Debug;
		};
		58406DE520A6D63C00CE808E /* Release */ = {
			isa = XCBuildConfiguration;
			baseConfigurationReference = 8D2067E1E715049DB8313F44 /* Pods-本当の最後の.release.xcconfig */;
			buildSettings = {
				ASSETCATALOG_COMPILER_APPICON_NAME = AppIcon;
				CODE_SIGN_IDENTITY = "iPhone Developer";
				CODE_SIGN_STYLE = Automatic;
				DEVELOPMENT_TEAM = 47PEFMCKTT;
				INFOPLIST_FILE = "本当の最後の/Info.plist";
				LD_RUNPATH_SEARCH_PATHS = "$(inherited) @executable_path/Frameworks";
				ONLY_ACTIVE_ARCH = NO;
				PRODUCT_BUNDLE_IDENTIFIER = "-018-9-15";
				PRODUCT_NAME = "$(TARGET_NAME)";
				PROVISIONING_PROFILE_SPECIFIER = "";
				SWIFT_VERSION = 4.0;
				TARGETED_DEVICE_FAMILY = "1,2";
			};
			name = Release;
		};
		58406DE720A6D63C00CE808E /* Debug */ = {
			isa = XCBuildConfiguration;
			buildSettings = {
				ALWAYS_EMBED_SWIFT_STANDARD_LIBRARIES = YES;
				BUNDLE_LOADER = "$(TEST_HOST)";
				CODE_SIGN_STYLE = Automatic;
				INFOPLIST_FILE = "本当の最後のTests/Info.plist";
				LD_RUNPATH_SEARCH_PATHS = "$(inherited) @executable_path/Frameworks @loader_path/Frameworks";
				PRODUCT_BUNDLE_IDENTIFIER = "com.litech.------Tests";
				PRODUCT_NAME = "$(TARGET_NAME)";
				SWIFT_VERSION = 4.0;
				TARGETED_DEVICE_FAMILY = "1,2";
				TEST_HOST = "$(BUILT_PRODUCTS_DIR)/本当の最後の.app/本当の最後の";
			};
			name = Debug;
		};
		58406DE820A6D63C00CE808E /* Release */ = {
			isa = XCBuildConfiguration;
			buildSettings = {
				ALWAYS_EMBED_SWIFT_STANDARD_LIBRARIES = YES;
				BUNDLE_LOADER = "$(TEST_HOST)";
				CODE_SIGN_STYLE = Automatic;
				INFOPLIST_FILE = "本当の最後のTests/Info.plist";
				LD_RUNPATH_SEARCH_PATHS = "$(inherited) @executable_path/Frameworks @loader_path/Frameworks";
				PRODUCT_BUNDLE_IDENTIFIER = "com.litech.------Tests";
				PRODUCT_NAME = "$(TARGET_NAME)";
				SWIFT_VERSION = 4.0;
				TARGETED_DEVICE_FAMILY = "1,2";
				TEST_HOST = "$(BUILT_PRODUCTS_DIR)/本当の最後の.app/本当の最後の";
			};
			name = Release;
		};
		58406DEA20A6D63C00CE808E /* Debug */ = {
			isa = XCBuildConfiguration;
			buildSettings = {
				ALWAYS_EMBED_SWIFT_STANDARD_LIBRARIES = YES;
				CODE_SIGN_STYLE = Automatic;
				INFOPLIST_FILE = "本当の最後のUITests/Info.plist";
				LD_RUNPATH_SEARCH_PATHS = "$(inherited) @executable_path/Frameworks @loader_path/Frameworks";
				PRODUCT_BUNDLE_IDENTIFIER = "com.litech.------UITests";
				PRODUCT_NAME = "$(TARGET_NAME)";
				SWIFT_VERSION = 4.0;
				TARGETED_DEVICE_FAMILY = "1,2";
				TEST_TARGET_NAME = "本当の最後の";
			};
			name = Debug;
		};
		58406DEB20A6D63C00CE808E /* Release */ = {
			isa = XCBuildConfiguration;
			buildSettings = {
				ALWAYS_EMBED_SWIFT_STANDARD_LIBRARIES = YES;
				CODE_SIGN_STYLE = Automatic;
				INFOPLIST_FILE = "本当の最後のUITests/Info.plist";
				LD_RUNPATH_SEARCH_PATHS = "$(inherited) @executable_path/Frameworks @loader_path/Frameworks";
				PRODUCT_BUNDLE_IDENTIFIER = "com.litech.------UITests";
				PRODUCT_NAME = "$(TARGET_NAME)";
				SWIFT_VERSION = 4.0;
				TARGETED_DEVICE_FAMILY = "1,2";
				TEST_TARGET_NAME = "本当の最後の";
			};
			name = Release;
		};
/* End XCBuildConfiguration section */

/* Begin XCConfigurationList section */
		58406DB620A6D63C00CE808E /* Build configuration list for PBXProject "本当の最後の" */ = {
			isa = XCConfigurationList;
			buildConfigurations = (
				58406DE120A6D63C00CE808E /* Debug */,
				58406DE220A6D63C00CE808E /* Release */,
			);
			defaultConfigurationIsVisible = 0;
			defaultConfigurationName = Release;
		};
		58406DE320A6D63C00CE808E /* Build configuration list for PBXNativeTarget "本当の最後の" */ = {
			isa = XCConfigurationList;
			buildConfigurations = (
				58406DE420A6D63C00CE808E /* Debug */,
				58406DE520A6D63C00CE808E /* Release */,
			);
			defaultConfigurationIsVisible = 0;
			defaultConfigurationName = Release;
		};
		58406DE620A6D63C00CE808E /* Build configuration list for PBXNativeTarget "本当の最後のTests" */ = {
			isa = XCConfigurationList;
			buildConfigurations = (
				58406DE720A6D63C00CE808E /* Debug */,
				58406DE820A6D63C00CE808E /* Release */,
			);
			defaultConfigurationIsVisible = 0;
			defaultConfigurationName = Release;
		};
		58406DE920A6D63C00CE808E /* Build configuration list for PBXNativeTarget "本当の最後のUITests" */ = {
			isa = XCConfigurationList;
			buildConfigurations = (
				58406DEA20A6D63C00CE808E /* Debug */,
				58406DEB20A6D63C00CE808E /* Release */,
			);
			defaultConfigurationIsVisible = 0;
			defaultConfigurationName = Release;
		};
/* End XCConfigurationList section */
	};
	rootObject = 58406DB320A6D63C00CE808E /* Project object */;
}
